
Microsoft Visual Studio Solution File, Format Version 12.00
# Visual Studio 15
VisualStudioVersion = 15.0.28307.438
MinimumVisualStudioVersion = 10.0.40219.1
Project("{FAE04EC0-301F-11D3-BF4B-00C04F79EFBC}") = "taxiapp.Android", "taxiapp\taxiapp.Android\taxiapp.Android.csproj", "{90989A2D-E074-45BE-AF76-7ED21389114B}"
EndProject
Project("{FAE04EC0-301F-11D3-BF4B-00C04F79EFBC}") = "taxiapp.iOS", "taxiapp\taxiapp.iOS\taxiapp.iOS.csproj", "{FBCA31E3-D8C1-45CB-97A9-C91A8E661F87}"
EndProject
Project("{FAE04EC0-301F-11D3-BF4B-00C04F79EFBC}") = "taxiapp", "taxiapp\taxiapp\taxiapp.csproj", "{D99447AF-624B-4048-8DDF-ACCD081308EB}"
EndProject
Global
	GlobalSection(SolutionConfigurationPlatforms) = preSolution
		Ad-Hoc|Any CPU = Ad-Hoc|Any CPU
		Ad-Hoc|iPhone = Ad-Hoc|iPhone
		Ad-Hoc|iPhoneSimulator = Ad-Hoc|iPhoneSimulator
		AppStore|Any CPU = AppStore|Any CPU
		AppStore|iPhone = AppStore|iPhone
		AppStore|iPhoneSimulator = AppStore|iPhoneSimulator
		Debug|Any CPU = Debug|Any CPU
		Debug|iPhone = Debug|iPhone
		Debug|iPhoneSimulator = Debug|iPhoneSimulator
		Release|Any CPU = Release|Any CPU
		Release|iPhone = Release|iPhone
		Release|iPhoneSimulator = Release|iPhoneSimulator
	EndGlobalSection
	GlobalSection(ProjectConfigurationPlatforms) = postSolution
		{90989A2D-E074-45BE-AF76-7ED21389114B}.Ad-Hoc|Any CPU.ActiveCfg = Release|Any CPU
		{90989A2D-E074-45BE-AF76-7ED21389114B}.Ad-Hoc|Any CPU.Build.0 = Release|Any CPU
		{90989A2D-E074-45BE-AF76-7ED21389114B}.Ad-Hoc|Any CPU.Deploy.0 = Release|Any CPU
		{90989A2D-E074-45BE-AF76-7ED21389114B}.Ad-Hoc|iPhone.ActiveCfg = Release|Any CPU
		{90989A2D-E074-45BE-AF76-7ED21389114B}.Ad-Hoc|iPhone.Build.0 = Release|Any CPU
		{90989A2D-E074-45BE-AF76-7ED21389114B}.Ad-Hoc|iPhone.Deploy.0 = Release|Any CPU
		{90989A2D-E074-45BE-AF76-7ED21389114B}.Ad-Hoc|iPhoneSimulator.ActiveCfg = Release|Any CPU
		{90989A2D-E074-45BE-AF76-7ED21389114B}.Ad-Hoc|iPhoneSimulator.Build.0 = Release|Any CPU
		{90989A2D-E074-45BE-AF76-7ED21389114B}.Ad-Hoc|iPhoneSimulator.Deploy.0 = Release|Any CPU
		{90989A2D-E074-45BE-AF76-7ED21389114B}.AppStore|Any CPU.ActiveCfg = Release|Any CPU
		{90989A2D-E074-45BE-AF76-7ED21389114B}.AppStore|Any CPU.Build.0 = Release|Any CPU
		{90989A2D-E074-45BE-AF76-7ED21389114B}.AppStore|Any CPU.Deploy.0 = Release|Any CPU
		{90989A2D-E074-45BE-AF76-7ED21389114B}.AppStore|iPhone.ActiveCfg = Release|Any CPU
		{90989A2D-E074-45BE-AF76-7ED21389114B}.AppStore|iPhone.Build.0 = Release|Any CPU
		{90989A2D-E074-45BE-AF76-7ED21389114B}.AppStore|iPhone.Deploy.0 = Release|Any CPU
		{90989A2D-E074-45BE-AF76-7ED21389114B}.AppStore|iPhoneSimulator.ActiveCfg = Release|Any CPU
		{90989A2D-E074-45BE-AF76-7ED21389114B}.AppStore|iPhoneSimulator.Build.0 = Release|Any CPU
		{90989A2D-E074-45BE-AF76-7ED21389114B}.AppStore|iPhoneSimulator.Deploy.0 = Release|Any CPU
		{90989A2D-E074-45BE-AF76-7ED21389114B}.Debug|Any CPU.ActiveCfg = Debug|Any CPU
		{90989A2D-E074-45BE-AF76-7ED21389114B}.Debug|Any CPU.Build.0 = Debug|Any CPU
		{90989A2D-E074-45BE-AF76-7ED21389114B}.Debug|Any CPU.Deploy.0 = Debug|Any CPU
		{90989A2D-E074-45BE-AF76-7ED21389114B}.Debug|iPhone.ActiveCfg = Debug|Any CPU
		{90989A2D-E074-45BE-AF76-7ED21389114B}.Debug|iPhone.Build.0 = Debug|Any CPU
		{90989A2D-E074-45BE-AF76-7ED21389114B}.Debug|iPhone.Deploy.0 = Debug|Any CPU
		{90989A2D-E074-45BE-AF76-7ED21389114B}.Debug|iPhoneSimulator.ActiveCfg = Debug|Any CPU
		{90989A2D-E074-45BE-AF76-7ED21389114B}.Debug|iPhoneSimulator.Build.0 = Debug|Any CPU
		{90989A2D-E074-45BE-AF76-7ED21389114B}.Debug|iPhoneSimulator.Deploy.0 = Debug|Any CPU
		{90989A2D-E074-45BE-AF76-7ED21389114B}.Release|Any CPU.ActiveCfg = Release|Any CPU
		{90989A2D-E074-45BE-AF76-7ED21389114B}.Release|Any CPU.Build.0 = Release|Any CPU
		{90989A2D-E074-45BE-AF76-7ED21389114B}.Release|Any CPU.Deploy.0 = Release|Any CPU
		{90989A2D-E074-45BE-AF76-7ED21389114B}.Release|iPhone.ActiveCfg = Release|Any CPU
		{90989A2D-E074-45BE-AF76-7ED21389114B}.Release|iPhone.Build.0 = Release|Any CPU
		{90989A2D-E074-45BE-AF76-7ED21389114B}.Release|iPhone.Deploy.0 = Release|Any CPU
		{90989A2D-E074-45BE-AF76-7ED21389114B}.Release|iPhoneSimulator.ActiveCfg = Release|Any CPU
		{90989A2D-E074-45BE-AF76-7ED21389114B}.Release|iPhoneSimulator.Build.0 = Release|Any CPU
		{90989A2D-E074-45BE-AF76-7ED21389114B}.Release|iPhoneSimulator.Deploy.0 = Release|Any CPU
		{FBCA31E3-D8C1-45CB-97A9-C91A8E661F87}.Ad-Hoc|Any CPU.ActiveCfg = Ad-Hoc|iPhone
		{FBCA31E3-D8C1-45CB-97A9-C91A8E661F87}.Ad-Hoc|Any CPU.Build.0 = Ad-Hoc|iPhone
		{FBCA31E3-D8C1-45CB-97A9-C91A8E661F87}.Ad-Hoc|Any CPU.Deploy.0 = Ad-Hoc|iPhone
		{FBCA31E3-D8C1-45CB-97A9-C91A8E661F87}.Ad-Hoc|iPhone.ActiveCfg = Ad-Hoc|iPhone
		{FBCA31E3-D8C1-45CB-97A9-C91A8E661F87}.Ad-Hoc|iPhone.Build.0 = Ad-Hoc|iPhone
		{FBCA31E3-D8C1-45CB-97A9-C91A8E661F87}.Ad-Hoc|iPhone.Deploy.0 = Ad-Hoc|iPhone
		{FBCA31E3-D8C1-45CB-97A9-C91A8E661F87}.Ad-Hoc|iPhoneSimulator.ActiveCfg = Ad-Hoc|iPhoneSimulator
		{FBCA31E3-D8C1-45CB-97A9-C91A8E661F87}.Ad-Hoc|iPhoneSimulator.Build.0 = Ad-Hoc|iPhoneSimulator
		{FBCA31E3-D8C1-45CB-97A9-C91A8E661F87}.Ad-Hoc|iPhoneSimulator.Deploy.0 = Ad-Hoc|iPhoneSimulator
		{FBCA31E3-D8C1-45CB-97A9-C91A8E661F87}.AppStore|Any CPU.ActiveCfg = AppStore|iPhone
		{FBCA31E3-D8C1-45CB-97A9-C91A8E661F87}.AppStore|Any CPU.Build.0 = AppStore|iPhone
		{FBCA31E3-D8C1-45CB-97A9-C91A8E661F87}.AppStore|Any CPU.Deploy.0 = AppStore|iPhone
		{FBCA31E3-D8C1-45CB-97A9-C91A8E661F87}.AppStore|iPhone.ActiveCfg = AppStore|iPhone
		{FBCA31E3-D8C1-45CB-97A9-C91A8E661F87}.AppStore|iPhone.Build.0 = AppStore|iPhone
		{FBCA31E3-D8C1-45CB-97A9-C91A8E661F87}.AppStore|iPhone.Deploy.0 = AppStore|iPhone
		{FBCA31E3-D8C1-45CB-97A9-C91A8E661F87}.AppStore|iPhoneSimulator.ActiveCfg = AppStore|iPhoneSimulator
		{FBCA31E3-D8C1-45CB-97A9-C91A8E661F87}.AppStore|iPhoneSimulator.Build.0 = AppStore|iPhoneSimulator
		{FBCA31E3-D8C1-45CB-97A9-C91A8E661F87}.AppStore|iPhoneSimulator.Deploy.0 = AppStore|iPhoneSimulator
		{FBCA31E3-D8C1-45CB-97A9-C91A8E661F87}.Debug|Any CPU.ActiveCfg = Debug|iPhoneSimulator
		{FBCA31E3-D8C1-45CB-97A9-C91A8E661F87}.Debug|Any CPU.Build.0 = Debug|iPhoneSimulator
		{FBCA31E3-D8C1-45CB-97A9-C91A8E661F87}.Debug|Any CPU.Deploy.0 = Debug|iPhoneSimulator
		{FBCA31E3-D8C1-45CB-97A9-C91A8E661F87}.Debug|iPhone.ActiveCfg = Debug|iPhone
		{FBCA31E3-D8C1-45CB-97A9-C91A8E661F87}.Debug|iPhone.Build.0 = Debug|iPhone
		{FBCA31E3-D8C1-45CB-97A9-C91A8E661F87}.Debug|iPhone.Deploy.0 = Debug|iPhone
		{FBCA31E3-D8C1-45CB-97A9-C91A8E661F87}.Debug|iPhoneSimulator.ActiveCfg = Debug|iPhoneSimulator
		{FBCA31E3-D8C1-45CB-97A9-C91A8E661F87}.Debug|iPhoneSimulator.Build.0 = Debug|iPhoneSimulator
		{FBCA31E3-D8C1-45CB-97A9-C91A8E661F87}.Debug|iPhoneSimulator.Deploy.0 = Debug|iPhoneSimulator
		{FBCA31E3-D8C1-45CB-97A9-C91A8E661F87}.Release|Any CPU.ActiveCfg = Release|iPhone
		{FBCA31E3-D8C1-45CB-97A9-C91A8E661F87}.Release|Any CPU.Build.0 = Release|iPhone
		{FBCA31E3-D8C1-45CB-97A9-C91A8E661F87}.Release|Any CPU.Deploy.0 = Release|iPhone
		{FBCA31E3-D8C1-45CB-97A9-C91A8E661F87}.Release|iPhone.ActiveCfg = Release|iPhone
		{FBCA31E3-D8C1-45CB-97A9-C91A8E661F87}.Release|iPhone.Build.0 = Release|iPhone
		{FBCA31E3-D8C1-45CB-97A9-C91A8E661F87}.Release|iPhone.Deploy.0 = Release|iPhone
		{FBCA31E3-D8C1-45CB-97A9-C91A8E661F87}.Release|iPhoneSimulator.ActiveCfg = Release|iPhoneSimulator
		{FBCA31E3-D8C1-45CB-97A9-C91A8E661F87}.Release|iPhoneSimulator.Build.0 = Release|iPhoneSimulator
		{FBCA31E3-D8C1-45CB-97A9-C91A8E661F87}.Release|iPhoneSimulator.Deploy.0 = Release|iPhoneSimulator
		{D99447AF-624B-4048-8DDF-ACCD081308EB}.Ad-Hoc|Any CPU.ActiveCfg = Debug|Any CPU
		{D99447AF-624B-4048-8DDF-ACCD081308EB}.Ad-Hoc|Any CPU.Build.0 = Debug|Any CPU
		{D99447AF-624B-4048-8DDF-ACCD081308EB}.Ad-Hoc|Any CPU.Deploy.0 = Debug|Any CPU
		{D99447AF-624B-4048-8DDF-ACCD081308EB}.Ad-Hoc|iPhone.ActiveCfg = Debug|Any CPU
		{D99447AF-624B-4048-8DDF-ACCD081308EB}.Ad-Hoc|iPhone.Build.0 = Debug|Any CPU
		{D99447AF-624B-4048-8DDF-ACCD081308EB}.Ad-Hoc|iPhone.Deploy.0 = Debug|Any CPU
		{D99447AF-624B-4048-8DDF-ACCD081308EB}.Ad-Hoc|iPhoneSimulator.ActiveCfg = Debug|Any CPU
		{D99447AF-624B-4048-8DDF-ACCD081308EB}.Ad-Hoc|iPhoneSimulator.Build.0 = Debug|Any CPU
		{D99447AF-624B-4048-8DDF-ACCD081308EB}.Ad-Hoc|iPhoneSimulator.Deploy.0 = Debug|Any CPU
		{D99447AF-624B-4048-8DDF-ACCD081308EB}.AppStore|Any CPU.ActiveCfg = Debug|Any CPU
		{D99447AF-624B-4048-8DDF-ACCD081308EB}.AppStore|Any CPU.Build.0 = Debug|Any CPU
		{D99447AF-624B-4048-8DDF-ACCD081308EB}.AppStore|Any CPU.Deploy.0 = Debug|Any CPU
		{D99447AF-624B-4048-8DDF-ACCD081308EB}.AppStore|iPhone.ActiveCfg = Debug|Any CPU
		{D99447AF-624B-4048-8DDF-ACCD081308EB}.AppStore|iPhone.Build.0 = Debug|Any CPU
		{D99447AF-624B-4048-8DDF-ACCD081308EB}.AppStore|iPhone.Deploy.0 = Debug|Any CPU
		{D99447AF-624B-4048-8DDF-ACCD081308EB}.AppStore|iPhoneSimulator.ActiveCfg = Debug|Any CPU
		{D99447AF-624B-4048-8DDF-ACCD081308EB}.AppStore|iPhoneSimulator.Build.0 = Debug|Any CPU
		{D99447AF-624B-4048-8DDF-ACCD081308EB}.AppStore|iPhoneSimulator.Deploy.0 = Debug|Any CPU
		{D99447AF-624B-4048-8DDF-ACCD081308EB}.Debug|Any CPU.ActiveCfg = Debug|Any CPU
		{D99447AF-624B-4048-8DDF-ACCD081308EB}.Debug|Any CPU.Build.0 = Debug|Any CPU
		{D99447AF-624B-4048-8DDF-ACCD081308EB}.Debug|Any CPU.Deploy.0 = Debug|Any CPU
		{D99447AF-624B-4048-8DDF-ACCD081308EB}.Debug|iPhone.ActiveCfg = Debug|Any CPU
		{D99447AF-624B-4048-8DDF-ACCD081308EB}.Debug|iPhone.Build.0 = Debug|Any CPU
		{D99447AF-624B-4048-8DDF-ACCD081308EB}.Debug|iPhone.Deploy.0 = Debug|Any CPU
		{D99447AF-624B-4048-8DDF-ACCD081308EB}.Debug|iPhoneSimulator.ActiveCfg = Debug|Any CPU
		{D99447AF-624B-4048-8DDF-ACCD081308EB}.Debug|iPhoneSimulator.Build.0 = Debug|Any CPU
		{D99447AF-624B-4048-8DDF-ACCD081308EB}.Debug|iPhoneSimulator.Deploy.0 = Debug|Any CPU
		{D99447AF-624B-4048-8DDF-ACCD081308EB}.Release|Any CPU.ActiveCfg = Release|Any CPU
		{D99447AF-624B-4048-8DDF-ACCD081308EB}.Release|Any CPU.Build.0 = Release|Any CPU
		{D99447AF-624B-4048-8DDF-ACCD081308EB}.Release|Any CPU.Deploy.0 = Release|Any CPU
		{D99447AF-624B-4048-8DDF-ACCD081308EB}.Release|iPhone.ActiveCfg = Release|Any CPU
		{D99447AF-624B-4048-8DDF-ACCD081308EB}.Release|iPhone.Build.0 = Release|Any CPU
		{D99447AF-624B-4048-8DDF-ACCD081308EB}.Release|iPhone.Deploy.0 = Release|Any CPU
		{D99447AF-624B-4048-8DDF-ACCD081308EB}.Release|iPhoneSimulator.ActiveCfg = Release|Any CPU
		{D99447AF-624B-4048-8DDF-ACCD081308EB}.Release|iPhoneSimulator.Build.0 = Release|Any CPU
		{D99447AF-624B-4048-8DDF-ACCD081308EB}.Release|iPhoneSimulator.Deploy.0 = Release|Any CPU
	EndGlobalSection
	GlobalSection(SolutionProperties) = preSolution
		HideSolutionNode = FALSE
	EndGlobalSection
	GlobalSection(ExtensibilityGlobals) = postSolution
		SolutionGuid = {A7956CEB-B25B-4185-9C20-EEEE7A9DC480}
	EndGlobalSection
EndGlobal
